
Microsoft Visual Studio Solution File, Format Version 12.00
# Visual Studio Version 16
VisualStudioVersion = 16.0.30523.141
MinimumVisualStudioVersion = 10.0.40219.1
Project("{9A19103F-16F7-4668-BE54-9A1E7A4F7556}") = "WE02Console", "BankingWE02\WE02Console.csproj", "{629AACFB-3D62-45C8-A118-BAE1834ADC53}"
EndProject
Project("{9A19103F-16F7-4668-BE54-9A1E7A4F7556}") = "WE02Library", "BankingLibrary\WE02Library.csproj", "{63B6E8EF-10BE-4CB4-B214-F24F077C7A88}"
EndProject
Project("{FAE04EC0-301F-11D3-BF4B-00C04F79EFBC}") = "WE02Wpf", "WE02Wpf\WE02Wpf.csproj", "{83A697C2-E7A0-4F48-B803-C6B5DD32A719}"
EndProject
Global
	GlobalSection(SolutionConfigurationPlatforms) = preSolution
		Debug|Any CPU = Debug|Any CPU
		Release|Any CPU = Release|Any CPU
	EndGlobalSection
	GlobalSection(ProjectConfigurationPlatforms) = postSolution
		{629AACFB-3D62-45C8-A118-BAE1834ADC53}.Debug|Any CPU.ActiveCfg = Debug|Any CPU
		{629AACFB-3D62-45C8-A118-BAE1834ADC53}.Debug|Any CPU.Build.0 = Debug|Any CPU
		{629AACFB-3D62-45C8-A118-BAE1834ADC53}.Release|Any CPU.ActiveCfg = Release|Any CPU
		{629AACFB-3D62-45C8-A118-BAE1834ADC53}.Release|Any CPU.Build.0 = Release|Any CPU
		{63B6E8EF-10BE-4CB4-B214-F24F077C7A88}.Debug|Any CPU.ActiveCfg = Debug|Any CPU
		{63B6E8EF-10BE-4CB4-B214-F24F077C7A88}.Debug|Any CPU.Build.0 = Debug|Any CPU
		{63B6E8EF-10BE-4CB4-B214-F24F077C7A88}.Release|Any CPU.ActiveCfg = Release|Any CPU
		{63B6E8EF-10BE-4CB4-B214-F24F077C7A88}.Release|Any CPU.Build.0 = Release|Any CPU
		{83A697C2-E7A0-4F48-B803-C6B5DD32A719}.Debug|Any CPU.ActiveCfg = Debug|Any CPU
		{83A697C2-E7A0-4F48-B803-C6B5DD32A719}.Debug|Any CPU.Build.0 = Debug|Any CPU
		{83A697C2-E7A0-4F48-B803-C6B5DD32A719}.Release|Any CPU.ActiveCfg = Release|Any CPU
		{83A697C2-E7A0-4F48-B803-C6B5DD32A719}.Release|Any CPU.Build.0 = Release|Any CPU
	EndGlobalSection
	GlobalSection(SolutionProperties) = preSolution
		HideSolutionNode = FALSE
	EndGlobalSection
	GlobalSection(ExtensibilityGlobals) = postSolution
		SolutionGuid = {3FA801DE-9274-4AFD-A939-F43BA0234F92}
	EndGlobalSection
EndGlobal
